// !$*UTF8*$!
{
	archiveVersion = 1;
	classes = {
	};
	objectVersion = 77;
	objects = {

/* Begin PBXBuildFile section */
		08590744CE2DF88D65F4FA9E /* WorkoutStore.swift in Sources */ = {isa = PBXBuildFile; fileRef = 0132B22D70865BA118B7F954 /* WorkoutStore.swift */; };
		08B4DD12B29D9F57DCE20E9A /* ContextDropApp.swift in Sources */ = {isa = PBXBuildFile; fileRef = 3466B2A183C6DC0A23E09B2E /* ContextDropApp.swift */; };
		143E17E2F62908996C0F5C7C /* TouchModel.swift in Sources */ = {isa = PBXBuildFile; fileRef = 7BD3A0C923462F523F3F4191 /* TouchModel.swift */; };
		1E8250548755D437C1B038C1 /* HealthGoals.swift in Sources */ = {isa = PBXBuildFile; fileRef = C6D785CCE36B27F8FB9FC511 /* HealthGoals.swift */; };
		236997B6ED974F7DF8DA2DE5 /* HealthGoalViews.swift in Sources */ = {isa = PBXBuildFile; fileRef = 196D51397A6F08CD3F057FC3 /* HealthGoalViews.swift */; };
		264EAD30A8AFA5B4E7EC1710 /* HealthViews.swift in Sources */ = {isa = PBXBuildFile; fileRef = 1853BD9A2054F5DBCADBFAB7 /* HealthViews.swift */; };
		324CC85B86017F4844F505D0 /* Assets.xcassets in Resources */ = {isa = PBXBuildFile; fileRef = AC014B1697CA611E40786627 /* Assets.xcassets */; };
		3B95F4ADDC83F2FCD739038F /* HealthData.swift in Sources */ = {isa = PBXBuildFile; fileRef = 29082E9AD4FCFAF496F8438B /* HealthData.swift */; };
		47C450F87C48FF2987AFEDDF /* WorkoutModels.swift in Sources */ = {isa = PBXBuildFile; fileRef = DC27711DD83F4E222AB6A732 /* WorkoutModels.swift */; };
		4A3996B79C7538CBFA295F66 /* MotionFrame.swift in Sources */ = {isa = PBXBuildFile; fileRef = A912D40BC2060E0452D6ADB3 /* MotionFrame.swift */; };
		5C3E67DF3401D728A4661E08 /* RingSetup.swift in Sources */ = {isa = PBXBuildFile; fileRef = 59D4B58268C341E2CDF6F906 /* RingSetup.swift */; };
		65C9C56A0C28FA20B8154313 /* AlertCenter.swift in Sources */ = {isa = PBXBuildFile; fileRef = 1ABB962CC8BF9340BF90B780 /* AlertCenter.swift */; };
		6B0ADD13B8E978AD582267EB /* HealthStore.swift in Sources */ = {isa = PBXBuildFile; fileRef = 7563960BD56E4F4E3F2998C7 /* HealthStore.swift */; };
		7A8A4E2798EA4574A05D59AE /* HealthStyle.swift in Sources */ = {isa = PBXBuildFile; fileRef = A088CFAFD9E26847A9B92E81 /* HealthStyle.swift */; };
		7C3A102C42C0E8C5419F500B /* DigestView.swift in Sources */ = {isa = PBXBuildFile; fileRef = 8FA566E13531FEC4A79CF8F1 /* DigestView.swift */; };
		878E7688B5DEF53FDA92DEFD /* AppIcon60x60@2x.png in Resources */ = {isa = PBXBuildFile; fileRef = CC2D39C7128ABD3C5133CC9D /* AppIcon60x60@2x.png */; };
		8E0962E2CFB9C0D9DBB06996 /* FoodViews.swift in Sources */ = {isa = PBXBuildFile; fileRef = 7974FDBB5390BAFE679D9654 /* FoodViews.swift */; };
		8F72C13D073D10D007669CAB /* RecordingStore.swift in Sources */ = {isa = PBXBuildFile; fileRef = 141D5B97C3CFB4234A93D510 /* RecordingStore.swift */; };
		A66E7873B94002E4A90E1AA3 /* WorkoutNaming.swift in Sources */ = {isa = PBXBuildFile; fileRef = 5B67EC1E567D81D01BD33789 /* WorkoutNaming.swift */; };
		A89436A13C83BA7184AEF7CC /* RingMonitor.swift in Sources */ = {isa = PBXBuildFile; fileRef = 4A15CC49C082618BD7834416 /* RingMonitor.swift */; };
		B67751319A71A9D1C2563C0A /* ActiveWorkoutView.swift in Sources */ = {isa = PBXBuildFile; fileRef = 13A0CC4D05F4EB01D538DCDD /* ActiveWorkoutView.swift */; };
		CCA291B393BBBF827A9AF3A7 /* FoodData.swift in Sources */ = {isa = PBXBuildFile; fileRef = AE8DD845CF4F85A263BA0F87 /* FoodData.swift */; };
		DA192E38BEE635362DADDEEA /* AppIcon.png in Resources */ = {isa = PBXBuildFile; fileRef = 38F4311DDCE6CB2B08E9B731 /* AppIcon.png */; };
		E2ABDFF11920E64483D9132D /* WorkoutViews.swift in Sources */ = {isa = PBXBuildFile; fileRef = 845C58456446B1D39034A1F0 /* WorkoutViews.swift */; };
		F08392E706B189A43F942801 /* HabitSummary.swift in Sources */ = {isa = PBXBuildFile; fileRef = E5C29AFB702DBFEDEF6D8E82 /* HabitSummary.swift */; };
		FDA950AE3DE398EFA9C7FDDA /* AppIcon60x60@3x.png in Resources */ = {isa = PBXBuildFile; fileRef = E0C05932E187CDD246E70C82 /* AppIcon60x60@3x.png */; };
/* End PBXBuildFile section */

/* Begin PBXFileReference section */
		0132B22D70865BA118B7F954 /* WorkoutStore.swift */ = {isa = PBXFileReference; lastKnownFileType = sourcecode.swift; path = WorkoutStore.swift; sourceTree = "<group>"; };
		13A0CC4D05F4EB01D538DCDD /* ActiveWorkoutView.swift */ = {isa = PBXFileReference; lastKnownFileType = sourcecode.swift; path = ActiveWorkoutView.swift; sourceTree = "<group>"; };
		141D5B97C3CFB4234A93D510 /* RecordingStore.swift */ = {isa = PBXFileReference; lastKnownFileType = sourcecode.swift; path = RecordingStore.swift; sourceTree = "<group>"; };
		1853BD9A2054F5DBCADBFAB7 /* HealthViews.swift */ = {isa = PBXFileReference; lastKnownFileType = sourcecode.swift; path = HealthViews.swift; sourceTree = "<group>"; };
		196D51397A6F08CD3F057FC3 /* HealthGoalViews.swift */ = {isa = PBXFileReference; lastKnownFileType = sourcecode.swift; path = HealthGoalViews.swift; sourceTree = "<group>"; };
		1ABB962CC8BF9340BF90B780 /* AlertCenter.swift */ = {isa = PBXFileReference; lastKnownFileType = sourcecode.swift; path = AlertCenter.swift; sourceTree = "<group>"; };
		29082E9AD4FCFAF496F8438B /* HealthData.swift */ = {isa = PBXFileReference; lastKnownFileType = sourcecode.swift; path = HealthData.swift; sourceTree = "<group>"; };
		3466B2A183C6DC0A23E09B2E /* ContextDropApp.swift */ = {isa = PBXFileReference; lastKnownFileType = sourcecode.swift; path = ContextDropApp.swift; sourceTree = "<group>"; };
		38F4311DDCE6CB2B08E9B731 /* AppIcon.png */ = {isa = PBXFileReference; lastKnownFileType = image.png; path = AppIcon.png; sourceTree = "<group>"; };
		4A15CC49C082618BD7834416 /* RingMonitor.swift */ = {isa = PBXFileReference; lastKnownFileType = sourcecode.swift; path = RingMonitor.swift; sourceTree = "<group>"; };
		59D4B58268C341E2CDF6F906 /* RingSetup.swift */ = {isa = PBXFileReference; lastKnownFileType = sourcecode.swift; path = RingSetup.swift; sourceTree = "<group>"; };
		5B67EC1E567D81D01BD33789 /* WorkoutNaming.swift */ = {isa = PBXFileReference; lastKnownFileType = sourcecode.swift; path = WorkoutNaming.swift; sourceTree = "<group>"; };
		7563960BD56E4F4E3F2998C7 /* HealthStore.swift */ = {isa = PBXFileReference; lastKnownFileType = sourcecode.swift; path = HealthStore.swift; sourceTree = "<group>"; };
		7974FDBB5390BAFE679D9654 /* FoodViews.swift */ = {isa = PBXFileReference; lastKnownFileType = sourcecode.swift; path = FoodViews.swift; sourceTree = "<group>"; };
		7BD3A0C923462F523F3F4191 /* TouchModel.swift */ = {isa = PBXFileReference; lastKnownFileType = sourcecode.swift; path = TouchModel.swift; sourceTree = "<group>"; };
		845C58456446B1D39034A1F0 /* WorkoutViews.swift */ = {isa = PBXFileReference; lastKnownFileType = sourcecode.swift; path = WorkoutViews.swift; sourceTree = "<group>"; };
		8FA566E13531FEC4A79CF8F1 /* DigestView.swift */ = {isa = PBXFileReference; lastKnownFileType = sourcecode.swift; path = DigestView.swift; sourceTree = "<group>"; };
		A088CFAFD9E26847A9B92E81 /* HealthStyle.swift */ = {isa = PBXFileReference; lastKnownFileType = sourcecode.swift; path = HealthStyle.swift; sourceTree = "<group>"; };
		A912D40BC2060E0452D6ADB3 /* MotionFrame.swift */ = {isa = PBXFileReference; lastKnownFileType = sourcecode.swift; path = MotionFrame.swift; sourceTree = "<group>"; };
		AC014B1697CA611E40786627 /* Assets.xcassets */ = {isa = PBXFileReference; lastKnownFileType = folder.assetcatalog; path = Assets.xcassets; sourceTree = "<group>"; };
		AE4045D3725EB6E5A81EE769 /* ContextDrop.app */ = {isa = PBXFileReference; includeInIndex = 0; lastKnownFileType = wrapper.application; path = ContextDrop.app; sourceTree = BUILT_PRODUCTS_DIR; };
		AE8DD845CF4F85A263BA0F87 /* FoodData.swift */ = {isa = PBXFileReference; lastKnownFileType = sourcecode.swift; path = FoodData.swift; sourceTree = "<group>"; };
		C6D785CCE36B27F8FB9FC511 /* HealthGoals.swift */ = {isa = PBXFileReference; lastKnownFileType = sourcecode.swift; path = HealthGoals.swift; sourceTree = "<group>"; };
		CC2D39C7128ABD3C5133CC9D /* AppIcon60x60@2x.png */ = {isa = PBXFileReference; lastKnownFileType = image.png; path = "AppIcon60x60@2x.png"; sourceTree = "<group>"; };
		DC27711DD83F4E222AB6A732 /* WorkoutModels.swift */ = {isa = PBXFileReference; lastKnownFileType = sourcecode.swift; path = WorkoutModels.swift; sourceTree = "<group>"; };
		E0C05932E187CDD246E70C82 /* AppIcon60x60@3x.png */ = {isa = PBXFileReference; lastKnownFileType = image.png; path = "AppIcon60x60@3x.png"; sourceTree = "<group>"; };
		E5C29AFB702DBFEDEF6D8E82 /* HabitSummary.swift */ = {isa = PBXFileReference; lastKnownFileType = sourcecode.swift; path = HabitSummary.swift; sourceTree = "<group>"; };
/* End PBXFileReference section */

/* Begin PBXGroup section */
		004C933B5283AF3B77268A35 = {
			isa = PBXGroup;
			children = (
				111D6452025FBA1D2E04F944 /* Sources */,
				736586B269BAC3DC4439981B /* Products */,
			);
			sourceTree = "<group>";
		};
		111D6452025FBA1D2E04F944 /* Sources */ = {
			isa = PBXGroup;
			children = (
				13A0CC4D05F4EB01D538DCDD /* ActiveWorkoutView.swift */,
				1ABB962CC8BF9340BF90B780 /* AlertCenter.swift */,
				AC014B1697CA611E40786627 /* Assets.xcassets */,
				3466B2A183C6DC0A23E09B2E /* ContextDropApp.swift */,
				8FA566E13531FEC4A79CF8F1 /* DigestView.swift */,
				AE8DD845CF4F85A263BA0F87 /* FoodData.swift */,
				7974FDBB5390BAFE679D9654 /* FoodViews.swift */,
				E5C29AFB702DBFEDEF6D8E82 /* HabitSummary.swift */,
				29082E9AD4FCFAF496F8438B /* HealthData.swift */,
				C6D785CCE36B27F8FB9FC511 /* HealthGoals.swift */,
				196D51397A6F08CD3F057FC3 /* HealthGoalViews.swift */,
				7563960BD56E4F4E3F2998C7 /* HealthStore.swift */,
				A088CFAFD9E26847A9B92E81 /* HealthStyle.swift */,
				1853BD9A2054F5DBCADBFAB7 /* HealthViews.swift */,
				A912D40BC2060E0452D6ADB3 /* MotionFrame.swift */,
				141D5B97C3CFB4234A93D510 /* RecordingStore.swift */,
				4A15CC49C082618BD7834416 /* RingMonitor.swift */,
				59D4B58268C341E2CDF6F906 /* RingSetup.swift */,
				7BD3A0C923462F523F3F4191 /* TouchModel.swift */,
				DC27711DD83F4E222AB6A732 /* WorkoutModels.swift */,
				5B67EC1E567D81D01BD33789 /* WorkoutNaming.swift */,
				0132B22D70865BA118B7F954 /* WorkoutStore.swift */,
				845C58456446B1D39034A1F0 /* WorkoutViews.swift */,
				B14D152BE392866B5F6329AD /* Resources */,
			);
			path = Sources;
			sourceTree = "<group>";
		};
		736586B269BAC3DC4439981B /* Products */ = {
			isa = PBXGroup;
			children = (
				AE4045D3725EB6E5A81EE769 /* ContextDrop.app */,
			);
			name = Products;
			sourceTree = "<group>";
		};
		B14D152BE392866B5F6329AD /* Resources */ = {
			isa = PBXGroup;
			children = (
				38F4311DDCE6CB2B08E9B731 /* AppIcon.png */,
				CC2D39C7128ABD3C5133CC9D /* AppIcon60x60@2x.png */,
				E0C05932E187CDD246E70C82 /* AppIcon60x60@3x.png */,
			);
			path = Resources;
			sourceTree = "<group>";
		};
/* End PBXGroup section */

/* Begin PBXNativeTarget section */
		964563EAA56029D8F8EC74A3 /* ContextDrop */ = {
			isa = PBXNativeTarget;
			buildConfigurationList = 40C107F47C0F343519DA7F57 /* Build configuration list for PBXNativeTarget "ContextDrop" */;
			buildPhases = (
				C9D61F78A2133E694F1C7A72 /* Sources */,
				139D7BAAF4079E317693B31F /* Resources */,
			);
			buildRules = (
			);
			dependencies = (
			);
			name = ContextDrop;
			packageProductDependencies = (
			);
			productName = ContextDrop;
			productReference = AE4045D3725EB6E5A81EE769 /* ContextDrop.app */;
			productType = "com.apple.product-type.application";
		};
/* End PBXNativeTarget section */

/* Begin PBXProject section */
		8A1F55B7F7B5D25C56575575 /* Project object */ = {
			isa = PBXProject;
			attributes = {
				BuildIndependentTargetsInParallel = YES;
				LastUpgradeCheck = 1430;
				TargetAttributes = {
					964563EAA56029D8F8EC74A3 = {
						DevelopmentTeam = 6SMT972MY9;
						ProvisioningStyle = Automatic;
					};
				};
			};
			buildConfigurationList = 40CC8FEAB83FF693E79F4B60 /* Build configuration list for PBXProject "ContextDrop" */;
			developmentRegion = en;
			hasScannedForEncodings = 0;
			knownRegions = (
				Base,
				en,
			);
			mainGroup = 004C933B5283AF3B77268A35;
			minimizedProjectReferenceProxies = 1;
			preferredProjectObjectVersion = 77;
			productRefGroup = 736586B269BAC3DC4439981B /* Products */;
			projectDirPath = "";
			projectRoot = "";
			targets = (
				964563EAA56029D8F8EC74A3 /* ContextDrop */,
			);
		};
/* End PBXProject section */

/* Begin PBXResourcesBuildPhase section */
		139D7BAAF4079E317693B31F /* Resources */ = {
			isa = PBXResourcesBuildPhase;
			buildActionMask = 2147483647;
			files = (
				DA192E38BEE635362DADDEEA /* AppIcon.png in Resources */,
				878E7688B5DEF53FDA92DEFD /* AppIcon60x60@2x.png in Resources */,
				FDA950AE3DE398EFA9C7FDDA /* AppIcon60x60@3x.png in Resources */,
				324CC85B86017F4844F505D0 /* Assets.xcassets in Resources */,
			);
			runOnlyForDeploymentPostprocessing = 0;
		};
/* End PBXResourcesBuildPhase section */

/* Begin PBXSourcesBuildPhase section */
		C9D61F78A2133E694F1C7A72 /* Sources */ = {
			isa = PBXSourcesBuildPhase;
			buildActionMask = 2147483647;
			files = (
				B67751319A71A9D1C2563C0A /* ActiveWorkoutView.swift in Sources */,
				65C9C56A0C28FA20B8154313 /* AlertCenter.swift in Sources */,
				08B4DD12B29D9F57DCE20E9A /* ContextDropApp.swift in Sources */,
				7C3A102C42C0E8C5419F500B /* DigestView.swift in Sources */,
				CCA291B393BBBF827A9AF3A7 /* FoodData.swift in Sources */,
				8E0962E2CFB9C0D9DBB06996 /* FoodViews.swift in Sources */,
				F08392E706B189A43F942801 /* HabitSummary.swift in Sources */,
				3B95F4ADDC83F2FCD739038F /* HealthData.swift in Sources */,
				236997B6ED974F7DF8DA2DE5 /* HealthGoalViews.swift in Sources */,
				1E8250548755D437C1B038C1 /* HealthGoals.swift in Sources */,
				6B0ADD13B8E978AD582267EB /* HealthStore.swift in Sources */,
				7A8A4E2798EA4574A05D59AE /* HealthStyle.swift in Sources */,
				264EAD30A8AFA5B4E7EC1710 /* HealthViews.swift in Sources */,
				4A3996B79C7538CBFA295F66 /* MotionFrame.swift in Sources */,
				8F72C13D073D10D007669CAB /* RecordingStore.swift in Sources */,
				A89436A13C83BA7184AEF7CC /* RingMonitor.swift in Sources */,
				5C3E67DF3401D728A4661E08 /* RingSetup.swift in Sources */,
				143E17E2F62908996C0F5C7C /* TouchModel.swift in Sources */,
				47C450F87C48FF2987AFEDDF /* WorkoutModels.swift in Sources */,
				A66E7873B94002E4A90E1AA3 /* WorkoutNaming.swift in Sources */,
				08590744CE2DF88D65F4FA9E /* WorkoutStore.swift in Sources */,
				E2ABDFF11920E64483D9132D /* WorkoutViews.swift in Sources */,
			);
			runOnlyForDeploymentPostprocessing = 0;
		};
/* End PBXSourcesBuildPhase section */

/* Begin XCBuildConfiguration section */
		0E8B67EC11B4F8991636F73A /* Debug */ = {
			isa = XCBuildConfiguration;
			buildSettings = {
				ALWAYS_SEARCH_USER_PATHS = NO;
				CLANG_ANALYZER_NONNULL = YES;
				CLANG_ANALYZER_NUMBER_OBJECT_CONVERSION = YES_AGGRESSIVE;
				CLANG_CXX_LANGUAGE_STANDARD = "gnu++14";
				CLANG_CXX_LIBRARY = "libc++";
				CLANG_ENABLE_MODULES = YES;
				CLANG_ENABLE_OBJC_ARC = YES;
				CLANG_ENABLE_OBJC_WEAK = YES;
				CLANG_WARN_BLOCK_CAPTURE_AUTORELEASING = YES;
				CLANG_WARN_BOOL_CONVERSION = YES;
				CLANG_WARN_COMMA = YES;
				CLANG_WARN_CONSTANT_CONVERSION = YES;
				CLANG_WARN_DEPRECATED_OBJC_IMPLEMENTATIONS = YES;
				CLANG_WARN_DIRECT_OBJC_ISA_USAGE = YES_ERROR;
				CLANG_WARN_DOCUMENTATION_COMMENTS = YES;
				CLANG_WARN_EMPTY_BODY = YES;
				CLANG_WARN_ENUM_CONVERSION = YES;
				CLANG_WARN_INFINITE_RECURSION = YES;
				CLANG_WARN_INT_CONVERSION = YES;
				CLANG_WARN_NON_LITERAL_NULL_CONVERSION = YES;
				CLANG_WARN_OBJC_IMPLICIT_RETAIN_SELF = YES;
				CLANG_WARN_OBJC_LITERAL_CONVERSION = YES;
				CLANG_WARN_OBJC_ROOT_CLASS = YES_ERROR;
				CLANG_WARN_QUOTED_INCLUDE_IN_FRAMEWORK_HEADER = YES;
				CLANG_WARN_RANGE_LOOP_ANALYSIS = YES;
				CLANG_WARN_STRICT_PROTOTYPES = YES;
				CLANG_WARN_SUSPICIOUS_MOVE = YES;
				CLANG_WARN_UNGUARDED_AVAILABILITY = YES_AGGRESSIVE;
				CLANG_WARN_UNREACHABLE_CODE = YES;
				CLANG_WARN__DUPLICATE_METHOD_MATCH = YES;
				CODE_SIGN_STYLE = Automatic;
				COPY_PHASE_STRIP = NO;
				DEBUG_INFORMATION_FORMAT = dwarf;
				ENABLE_STRICT_OBJC_MSGSEND = YES;
				ENABLE_TESTABILITY = YES;
				ENABLE_USER_SCRIPT_SANDBOXING = YES;
				GCC_C_LANGUAGE_STANDARD = gnu11;
				GCC_DYNAMIC_NO_PIC = NO;
				GCC_NO_COMMON_BLOCKS = YES;
				GCC_OPTIMIZATION_LEVEL = 0;
				GCC_PREPROCESSOR_DEFINITIONS = (
					"$(inherited)",
					"DEBUG=1",
				);
				GCC_WARN_64_TO_32_BIT_CONVERSION = YES;
				GCC_WARN_ABOUT_RETURN_TYPE = YES_ERROR;
				GCC_WARN_UNDECLARED_SELECTOR = YES;
				GCC_WARN_UNINITIALIZED_AUTOS = YES_AGGRESSIVE;
				GCC_WARN_UNUSED_FUNCTION = YES;
				GCC_WARN_UNUSED_VARIABLE = YES;
				IPHONEOS_DEPLOYMENT_TARGET = 17.0;
				MTL_ENABLE_DEBUG_INFO = INCLUDE_SOURCE;
				MTL_FAST_MATH = YES;
				ONLY_ACTIVE_ARCH = YES;
				PRODUCT_NAME = "$(TARGET_NAME)";
				SDKROOT = iphoneos;
				SWIFT_ACTIVE_COMPILATION_CONDITIONS = DEBUG;
				SWIFT_OPTIMIZATION_LEVEL = "-Onone";
				SWIFT_VERSION = 5.0;
				TARGETED_DEVICE_FAMILY = 1;
			};
			name = Debug;
		};
		2DB0A4400B5525F9C1F3145F /* Release */ = {
			isa = XCBuildConfiguration;
			buildSettings = {
				ALWAYS_SEARCH_USER_PATHS = NO;
				CLANG_ANALYZER_NONNULL = YES;
				CLANG_ANALYZER_NUMBER_OBJECT_CONVERSION = YES_AGGRESSIVE;
				CLANG_CXX_LANGUAGE_STANDARD = "gnu++14";
				CLANG_CXX_LIBRARY = "libc++";
				CLANG_ENABLE_MODULES = YES;
				CLANG_ENABLE_OBJC_ARC = YES;
				CLANG_ENABLE_OBJC_WEAK = YES;
				CLANG_WARN_BLOCK_CAPTURE_AUTORELEASING = YES;
				CLANG_WARN_BOOL_CONVERSION = YES;
				CLANG_WARN_COMMA = YES;
				CLANG_WARN_CONSTANT_CONVERSION = YES;
				CLANG_WARN_DEPRECATED_OBJC_IMPLEMENTATIONS = YES;
				CLANG_WARN_DIRECT_OBJC_ISA_USAGE = YES_ERROR;
				CLANG_WARN_DOCUMENTATION_COMMENTS = YES;
				CLANG_WARN_EMPTY_BODY = YES;
				CLANG_WARN_ENUM_CONVERSION = YES;
				CLANG_WARN_INFINITE_RECURSION = YES;
				CLANG_WARN_INT_CONVERSION = YES;
				CLANG_WARN_NON_LITERAL_NULL_CONVERSION = YES;
				CLANG_WARN_OBJC_IMPLICIT_RETAIN_SELF = YES;
				CLANG_WARN_OBJC_LITERAL_CONVERSION = YES;
				CLANG_WARN_OBJC_ROOT_CLASS = YES_ERROR;
				CLANG_WARN_QUOTED_INCLUDE_IN_FRAMEWORK_HEADER = YES;
				CLANG_WARN_RANGE_LOOP_ANALYSIS = YES;
				CLANG_WARN_STRICT_PROTOTYPES = YES;
				CLANG_WARN_SUSPICIOUS_MOVE = YES;
				CLANG_WARN_UNGUARDED_AVAILABILITY = YES_AGGRESSIVE;
				CLANG_WARN_UNREACHABLE_CODE = YES;
				CLANG_WARN__DUPLICATE_METHOD_MATCH = YES;
				CODE_SIGN_STYLE = Automatic;
				COPY_PHASE_STRIP = NO;
				DEBUG_INFORMATION_FORMAT = "dwarf-with-dsym";
				ENABLE_NS_ASSERTIONS = NO;
				ENABLE_STRICT_OBJC_MSGSEND = YES;
				ENABLE_USER_SCRIPT_SANDBOXING = YES;
				GCC_C_LANGUAGE_STANDARD = gnu11;
				GCC_NO_COMMON_BLOCKS = YES;
				GCC_WARN_64_TO_32_BIT_CONVERSION = YES;
				GCC_WARN_ABOUT_RETURN_TYPE = YES_ERROR;
				GCC_WARN_UNDECLARED_SELECTOR = YES;
				GCC_WARN_UNINITIALIZED_AUTOS = YES_AGGRESSIVE;
				GCC_WARN_UNUSED_FUNCTION = YES;
				GCC_WARN_UNUSED_VARIABLE = YES;
				IPHONEOS_DEPLOYMENT_TARGET = 17.0;
				MTL_ENABLE_DEBUG_INFO = NO;
				MTL_FAST_MATH = YES;
				PRODUCT_NAME = "$(TARGET_NAME)";
				SDKROOT = iphoneos;
				SWIFT_COMPILATION_MODE = wholemodule;
				SWIFT_OPTIMIZATION_LEVEL = "-O";
				SWIFT_VERSION = 5.0;
				TARGETED_DEVICE_FAMILY = 1;
			};
			name = Release;
		};
		8CAE760E183B677011581FEA /* Release */ = {
			isa = XCBuildConfiguration;
			buildSettings = {
				ASSETCATALOG_COMPILER_APPICON_NAME = AppIcon;
				CODE_SIGN_IDENTITY = "iPhone Developer";
				CURRENT_PROJECT_VERSION = 14;
				DEVELOPMENT_TEAM = 6SMT972MY9;
				INFOPLIST_FILE = Info.plist;
				INFOPLIST_KEY_CFBundleDisplayName = "Context Drop";
				LD_RUNPATH_SEARCH_PATHS = (
					"$(inherited)",
					"@executable_path/Frameworks",
				);
				MARKETING_VERSION = 0.6.0;
				PRODUCT_BUNDLE_IDENTIFIER = com.avyay.faceguard;
				SDKROOT = iphoneos;
				TARGETED_DEVICE_FAMILY = 1;
			};
			name = Release;
		};
		DDC5151C75456E3A8909F4D2 /* Debug */ = {
			isa = XCBuildConfiguration;
			buildSettings = {
				ASSETCATALOG_COMPILER_APPICON_NAME = AppIcon;
				CODE_SIGN_IDENTITY = "iPhone Developer";
				CURRENT_PROJECT_VERSION = 14;
				DEVELOPMENT_TEAM = 6SMT972MY9;
				INFOPLIST_FILE = Info.plist;
				INFOPLIST_KEY_CFBundleDisplayName = "Context Drop";
				LD_RUNPATH_SEARCH_PATHS = (
					"$(inherited)",
					"@executable_path/Frameworks",
				);
				MARKETING_VERSION = 0.6.0;
				PRODUCT_BUNDLE_IDENTIFIER = com.avyay.faceguard;
				SDKROOT = iphoneos;
				TARGETED_DEVICE_FAMILY = 1;
			};
			name = Debug;
		};
/* End XCBuildConfiguration section */

/* Begin XCConfigurationList section */
		40C107F47C0F343519DA7F57 /* Build configuration list for PBXNativeTarget "ContextDrop" */ = {
			isa = XCConfigurationList;
			buildConfigurations = (
				DDC5151C75456E3A8909F4D2 /* Debug */,
				8CAE760E183B677011581FEA /* Release */,
			);
			defaultConfigurationIsVisible = 0;
			defaultConfigurationName = Debug;
		};
		40CC8FEAB83FF693E79F4B60 /* Build configuration list for PBXProject "ContextDrop" */ = {
			isa = XCConfigurationList;
			buildConfigurations = (
				0E8B67EC11B4F8991636F73A /* Debug */,
				2DB0A4400B5525F9C1F3145F /* Release */,
			);
			defaultConfigurationIsVisible = 0;
			defaultConfigurationName = Debug;
		};
/* End XCConfigurationList section */
	};
	rootObject = 8A1F55B7F7B5D25C56575575 /* Project object */;
}
